
Microsoft Visual Studio Solution File, Format Version 12.00
Project("{FAE04EC0-301F-11D3-BF4B-00C04F79EFBC}") = "MsalDemo.Backend", "MsalDemo.Backend.csproj", "{4A4E48D5-981C-4A39-811A-8F227F0C53DF}"
EndProject
Global
	GlobalSection(SolutionConfigurationPlatforms) = preSolution
		Debug|Any CPU = Debug|Any CPU
		Release|Any CPU = Release|Any CPU
	EndGlobalSection
	GlobalSection(ProjectConfigurationPlatforms) = postSolution
		{4A4E48D5-981C-4A39-811A-8F227F0C53DF}.Debug|Any CPU.ActiveCfg = Debug|Any CPU
		{4A4E48D5-981C-4A39-811A-8F227F0C53DF}.Debug|Any CPU.Build.0 = Debug|Any CPU
		{4A4E48D5-981C-4A39-811A-8F227F0C53DF}.Release|Any CPU.ActiveCfg = Release|Any CPU
		{4A4E48D5-981C-4A39-811A-8F227F0C53DF}.Release|Any CPU.Build.0 = Release|Any CPU
	EndGlobalSection
EndGlobal
